<?xml version="1.0" encoding="utf-8"?>
<Project ToolsVersion="4.0" xmlns="http://schemas.microsoft.com/developer/msbuild/2003">
  <ItemGroup>
    <Filter Include="Source Files">
      <UniqueIdentifier>{4FC737F1-C7A5-4376-A066-2A32D752A2FF}</UniqueIdentifier>
      <Extensions>cpp;c;cc;cxx;c++;cppm;ixx;def;odl;idl;hpj;bat;asm;asmx</Extensions>
    </Filter>
    <Filter Include="Header Files">
      <UniqueIdentifier>{93995380-89BD-4b04-88EB-625FBE52EBFB}</UniqueIdentifier>
      <Extensions>h;hh;hpp;hxx;h++;hm;inl;inc;ipp;xsd</Extensions>
    </Filter>
    <Filter Include="Resource Files">
      <UniqueIdentifier>{67DA6AB6-F800-4c08-8B7A-83BB121AAD01}</UniqueIdentifier>
      <Extensions>rc;ico;cur;bmp;dlg;rc2;rct;bin;rgs;gif;jpg;jpeg;jpe;resx;tiff;tif;png;wav;mfcribbon-ms</Extensions>
    </Filter>
  </ItemGroup>
  <ItemGroup>
    <ClCompile Include="Source.cpp">
      <Filter>Source Files</Filter>
    </ClCompile>
    <ClCompile Include="Player.cpp">
      <Filter>Source Files</Filter>
    </ClCompile>
    <ClCompile Include="Extern_void.cpp">
      <Filter>Source Files</Filter>
    </ClCompile>
    <ClCompile Include="Class_base.cpp">
      <Filter>Source Files</Filter>
    </ClCompile>
    <ClCompile Include="Menu.cpp">
      <Filter>Source Files</Filter>
    </ClCompile>
    <ClCompile Include="Monster_base.cpp">
      <Filter>Source Files</Filter>
    </ClCompile>
    <ClCompile Include="Map.cpp">
      <Filter>Source Files</Filter>
    </ClCompile>
    <ClCompile Include="Class_Knight.cpp">
      <Filter>Source Files</Filter>
    </ClCompile>
    <ClCompile Include="Class_Witch.cpp">
      <Filter>Source Files</Filter>
    </ClCompile>
    <ClCompile Include="Item.cpp">
      <Filter>Source Files</Filter>
    </ClCompile>
    <ClCompile Include="Char.cpp">
      <Filter>Source Files</Filter>
    </ClCompile>
    <ClCompile Include="Monster_Elculus.cpp">
      <Filter>Source Files</Filter>
    </ClCompile>
    <ClCompile Include="Monster_Skeleton.cpp">
      <Filter>Source Files</Filter>
    </ClCompile>
    <ClCompile Include="Item_hp.cpp">
      <Filter>Source Files</Filter>
    </ClCompile>
    <ClCompile Include="System.cpp">
      <Filter>Source Files</Filter>
    </ClCompile>
    <ClCompile Include="Skill_base.cpp">
      <Filter>Source Files</Filter>
    </ClCompile>
    <ClCompile Include="Skill_Flame.cpp">
      <Filter>Source Files</Filter>
    </ClCompile>
    <ClCompile Include="Skill_Blood.cpp">
      <Filter>Source Files</Filter>
    </ClCompile>
    <ClCompile Include="Skill_Vanish.cpp">
      <Filter>Source Files</Filter>
    </ClCompile>
    <ClCompile Include="Skill_Craw.cpp">
      <Filter>Source Files</Filter>
    </ClCompile>
    <ClCompile Include="Item_mp.cpp">
      <Filter>Source Files</Filter>
    </ClCompile>
    <ClCompile Include="Monster_Mosquitoes.cpp">
      <Filter>Source Files</Filter>
    </ClCompile>
    <ClCompile Include="conio-linux.cpp">
      <Filter>Source Files</Filter>
    </ClCompile>
  </ItemGroup>
  <ItemGroup>
    <ClInclude Include="Player.h">
      <Filter>Header Files</Filter>
    </ClInclude>
    <ClInclude Include="Extern_void.h">
      <Filter>Header Files</Filter>
    </ClInclude>
    <ClInclude Include="Class_base.h">
      <Filter>Header Files</Filter>
    </ClInclude>
    <ClInclude Include="Menu.h">
      <Filter>Header Files</Filter>
    </ClInclude>
    <ClInclude Include="Monster_base.h">
      <Filter>Header Files</Filter>
    </ClInclude>
    <ClInclude Include="Map.h">
      <Filter>Header Files</Filter>
    </ClInclude>
    <ClInclude Include="Class_Knight.h">
      <Filter>Header Files</Filter>
    </ClInclude>
    <ClInclude Include="Class_Witch.h">
      <Filter>Header Files</Filter>
    </ClInclude>
    <ClInclude Include="Item.h">
      <Filter>Header Files</Filter>
    </ClInclude>
    <ClInclude Include="Char.h">
      <Filter>Header Files</Filter>
    </ClInclude>
    <ClInclude Include="Monster_Elculus.h">
      <Filter>Header Files</Filter>
    </ClInclude>
    <ClInclude Include="Monster_Skeleton.h">
      <Filter>Header Files</Filter>
    </ClInclude>
    <ClInclude Include="Item_hp.h">
      <Filter>Header Files</Filter>
    </ClInclude>
    <ClInclude Include="System.h">
      <Filter>Header Files</Filter>
    </ClInclude>
    <ClInclude Include="Skill_base.h">
      <Filter>Header Files</Filter>
    </ClInclude>
    <ClInclude Include="Skill_Flame.h">
      <Filter>Header Files</Filter>
    </ClInclude>
    <ClInclude Include="Skill_Blood.h">
      <Filter>Header Files</Filter>
    </ClInclude>
    <ClInclude Include="Skill_Vanish.h">
      <Filter>Header Files</Filter>
    </ClInclude>
    <ClInclude Include="Skill_Craw.h">
      <Filter>Header Files</Filter>
    </ClInclude>
    <ClInclude Include="Item_mp.h">
      <Filter>Header Files</Filter>
    </ClInclude>
    <ClInclude Include="Monster_Mosquitoes.h">
      <Filter>Header Files</Filter>
    </ClInclude>
    <ClInclude Include="conio-linux.h">
      <Filter>Header Files</Filter>
    </ClInclude>
  </ItemGroup>
</Project>